
Microsoft Visual Studio Solution File, Format Version 12.00
# Visual Studio Version 17
VisualStudioVersion = 17.6.33723.286
MinimumVisualStudioVersion = 10.0.40219.1
Project("{9A19103F-16F7-4668-BE54-9A1E7A4F7556}") = "LibSeedy", "LibSeedy\LibSeedy.csproj", "{AC6E0E7B-17C3-44B1-89DA-EADE3FE89E62}"
EndProject
Project("{9A19103F-16F7-4668-BE54-9A1E7A4F7556}") = "SeedlyServerApp", "SeedlyServerApp\SeedlyServerApp.csproj", "{FD20FE9E-D1E8-4E34-B1E0-9F3080E620F1}"
EndProject
Global
	GlobalSection(SolutionConfigurationPlatforms) = preSolution
		Debug|Any CPU = Debug|Any CPU
		Release|Any CPU = Release|Any CPU
	EndGlobalSection
	GlobalSection(ProjectConfigurationPlatforms) = postSolution
		{AC6E0E7B-17C3-44B1-89DA-EADE3FE89E62}.Debug|Any CPU.ActiveCfg = Debug|Any CPU
		{AC6E0E7B-17C3-44B1-89DA-EADE3FE89E62}.Debug|Any CPU.Build.0 = Debug|Any CPU
		{AC6E0E7B-17C3-44B1-89DA-EADE3FE89E62}.Release|Any CPU.ActiveCfg = Release|Any CPU
		{AC6E0E7B-17C3-44B1-89DA-EADE3FE89E62}.Release|Any CPU.Build.0 = Release|Any CPU
		{FD20FE9E-D1E8-4E34-B1E0-9F3080E620F1}.Debug|Any CPU.ActiveCfg = Debug|Any CPU
		{FD20FE9E-D1E8-4E34-B1E0-9F3080E620F1}.Debug|Any CPU.Build.0 = Debug|Any CPU
		{FD20FE9E-D1E8-4E34-B1E0-9F3080E620F1}.Release|Any CPU.ActiveCfg = Release|Any CPU
		{FD20FE9E-D1E8-4E34-B1E0-9F3080E620F1}.Release|Any CPU.Build.0 = Release|Any CPU
	EndGlobalSection
	GlobalSection(SolutionProperties) = preSolution
		HideSolutionNode = FALSE
	EndGlobalSection
	GlobalSection(ExtensibilityGlobals) = postSolution
		SolutionGuid = {F145BD86-40F3-4424-A336-C10944A43630}
	EndGlobalSection
EndGlobal
